
Microsoft Visual Studio Solution File, Format Version 12.00
# Visual Studio Version 17
VisualStudioVersion = 17.3.32922.545
MinimumVisualStudioVersion = 10.0.40219.1
Project("{FAE04EC0-301F-11D3-BF4B-00C04F79EFBC}") = "Tracker", "Tracker.csproj", "{4529631B-8013-4B6C-A596-9850EA8A27A3}"
EndProject
Global
	GlobalSection(SolutionConfigurationPlatforms) = preSolution
		Debug|Any CPU = Debug|Any CPU
		Release|Any CPU = Release|Any CPU
	EndGlobalSection
	GlobalSection(ProjectConfigurationPlatforms) = postSolution
		{4529631B-8013-4B6C-A596-9850EA8A27A3}.Debug|Any CPU.ActiveCfg = Debug|Any CPU
		{4529631B-8013-4B6C-A596-9850EA8A27A3}.Debug|Any CPU.Build.0 = Debug|Any CPU
		{4529631B-8013-4B6C-A596-9850EA8A27A3}.Release|Any CPU.ActiveCfg = Release|Any CPU
		{4529631B-8013-4B6C-A596-9850EA8A27A3}.Release|Any CPU.Build.0 = Release|Any CPU
	EndGlobalSection
	GlobalSection(SolutionProperties) = preSolution
		HideSolutionNode = FALSE
	EndGlobalSection
	GlobalSection(ExtensibilityGlobals) = postSolution
		SolutionGuid = {D9E7691D-BD18-4973-8E14-2DFCCF5F2B4F}
	EndGlobalSection
EndGlobal
